<?xml version="1.0" encoding="utf-8"?>
<Project ToolsVersion="4.0" xmlns="http://schemas.microsoft.com/developer/msbuild/2003">
  <ItemGroup>
    <Filter Include="Source Files">
      <UniqueIdentifier>{bdbc130d-c6c6-4109-b28a-a7afecc0a088}</UniqueIdentifier>
      <Extensions>cpp;c;cxx;def;odl;idl;hpj;bat;asm</Extensions>
    </Filter>
    <Filter Include="Header Files">
      <UniqueIdentifier>{f8684049-2d9b-423a-beee-15ab079e0a42}</UniqueIdentifier>
      <Extensions>h;hpp;hxx;hm;inl;inc</Extensions>
    </Filter>
  </ItemGroup>
  <ItemGroup>
    <ClCompile Include="DateTimeSpanTest1.cpp">
      <Filter>Source Files</Filter>
    </ClCompile>
    <ClCompile Include="DateTimeSpanTest2.cpp">
      <Filter>Source Files</Filter>
    </ClCompile>
    <ClCompile Include="DateTimeSpanTest3.cpp">
      <Filter>Source Files</Filter>
    </ClCompile>
    <ClCompile Include="DateTimeSpanTest4.cpp">
      <Filter>Source Files</Filter>
    </ClCompile>
    <ClCompile Include="DateTimeSpanTest5.cpp">
      <Filter>Source Files</Filter>
    </ClCompile>
    <ClCompile Include="DateTimeSpanTest6.cpp">
      <Filter>Source Files</Filter>
    </ClCompile>
    <ClCompile Include="DateTimeTest.cpp">
      <Filter>Source Files</Filter>
    </ClCompile>
    <ClCompile Include="DateTimeTest1.cpp">
      <Filter>Source Files</Filter>
    </ClCompile>
    <ClCompile Include="DateTimeTest10.cpp">
      <Filter>Source Files</Filter>
    </ClCompile>
    <ClCompile Include="DateTimeTest11.cpp">
      <Filter>Source Files</Filter>
    </ClCompile>
    <ClCompile Include="DateTimeTest2.cpp">
      <Filter>Source Files</Filter>
    </ClCompile>
    <ClCompile Include="DateTimeTest3.cpp">
      <Filter>Source Files</Filter>
    </ClCompile>
    <ClCompile Include="DateTimeTest4.cpp">
      <Filter>Source Files</Filter>
    </ClCompile>
    <ClCompile Include="DateTimeTest5.cpp">
      <Filter>Source Files</Filter>
    </ClCompile>
    <ClCompile Include="DateTimeTest6.cpp">
      <Filter>Source Files</Filter>
    </ClCompile>
    <ClCompile Include="DateTimeTest7.cpp">
      <Filter>Source Files</Filter>
    </ClCompile>
    <ClCompile Include="DateTimeTest8.cpp">
      <Filter>Source Files</Filter>
    </ClCompile>
    <ClCompile Include="DateTimeTest9.cpp">
      <Filter>Source Files</Filter>
    </ClCompile>
    <ClCompile Include="DaysBetweenTest.cpp">
      <Filter>Source Files</Filter>
    </ClCompile>
    <ClCompile Include="DaysFromTest.cpp">
      <Filter>Source Files</Filter>
    </ClCompile>
    <ClCompile Include="stdafx.cpp">
      <Filter>Source Files</Filter>
    </ClCompile>
    <ClCompile Include="WorkingDaysBetweenTest.cpp">
      <Filter>Source Files</Filter>
    </ClCompile>
    <ClCompile Include="WorkingDaysFromTest.cpp">
      <Filter>Source Files</Filter>
    </ClCompile>
  </ItemGroup>
  <ItemGroup>
    <ClInclude Include="DateTimeTest.h">
      <Filter>Header Files</Filter>
    </ClInclude>
    <ClInclude Include="stdafx.h">
      <Filter>Header Files</Filter>
    </ClInclude>
  </ItemGroup>
  <ItemGroup>
    <None Include="tests.txt" />
  </ItemGroup>
</Project>